
Microsoft Visual Studio Solution File, Format Version 12.00
# Visual Studio Version 17
VisualStudioVersion = 17.8.34112.27
MinimumVisualStudioVersion = 10.0.40219.1
Project("{FAE04EC0-301F-11D3-BF4B-00C04F79EFBC}") = "Homework20.09", "Homework20.09\Homework20.09.csproj", "{5029F908-4CAD-404C-A91A-282B83813C0E}"
EndProject
Global
	GlobalSection(SolutionConfigurationPlatforms) = preSolution
		Debug|Any CPU = Debug|Any CPU
		Release|Any CPU = Release|Any CPU
	EndGlobalSection
	GlobalSection(ProjectConfigurationPlatforms) = postSolution
		{5029F908-4CAD-404C-A91A-282B83813C0E}.Debug|Any CPU.ActiveCfg = Debug|Any CPU
		{5029F908-4CAD-404C-A91A-282B83813C0E}.Debug|Any CPU.Build.0 = Debug|Any CPU
		{5029F908-4CAD-404C-A91A-282B83813C0E}.Release|Any CPU.ActiveCfg = Release|Any CPU
		{5029F908-4CAD-404C-A91A-282B83813C0E}.Release|Any CPU.Build.0 = Release|Any CPU
	EndGlobalSection
	GlobalSection(SolutionProperties) = preSolution
		HideSolutionNode = FALSE
	EndGlobalSection
	GlobalSection(ExtensibilityGlobals) = postSolution
		SolutionGuid = {49C2C1E3-95C9-4A3E-BFD6-F7E46DBC79E6}
	EndGlobalSection
EndGlobal
